// !$*UTF8*$!
{
	archiveVersion = 1;
	classes = {
	};
	objectVersion = 50;
	objects = {

/* Begin PBXBuildFile section */
		AE0C135521C05D9F00D1D8E1 /* AppDelegate.swift in Sources */ = {isa = PBXBuildFile; fileRef = AE0C135421C05D9F00D1D8E1 /* AppDelegate.swift */; };
		AE0C135921C05D9F00D1D8E1 /* SecondViewController.swift in Sources */ = {isa = PBXBuildFile; fileRef = AE0C135821C05D9F00D1D8E1 /* SecondViewController.swift */; };
		AE0C135C21C05D9F00D1D8E1 /* Main.storyboard in Resources */ = {isa = PBXBuildFile; fileRef = AE0C135A21C05D9F00D1D8E1 /* Main.storyboard */; };
		AE0C135E21C05DA100D1D8E1 /* Assets.xcassets in Resources */ = {isa = PBXBuildFile; fileRef = AE0C135D21C05DA100D1D8E1 /* Assets.xcassets */; };
		AE0C136A21C06FCA00D1D8E1 /* rain.mp4 in Resources */ = {isa = PBXBuildFile; fileRef = AE0C136521C06FC900D1D8E1 /* rain.mp4 */; };
		AE0C136B21C06FCA00D1D8E1 /* storm.mp4 in Resources */ = {isa = PBXBuildFile; fileRef = AE0C136621C06FC900D1D8E1 /* storm.mp4 */; };
		AE0C136C21C06FCA00D1D8E1 /* snow.mp4 in Resources */ = {isa = PBXBuildFile; fileRef = AE0C136721C06FCA00D1D8E1 /* snow.mp4 */; };
		AE0C136D21C06FCA00D1D8E1 /* sun.mp4 in Resources */ = {isa = PBXBuildFile; fileRef = AE0C136821C06FCA00D1D8E1 /* sun.mp4 */; };
		AE0C136E21C06FCA00D1D8E1 /* cloudy.mp4 in Resources */ = {isa = PBXBuildFile; fileRef = AE0C136921C06FCA00D1D8E1 /* cloudy.mp4 */; };
		AE0C137121C07F1700D1D8E1 /* LocationViewController.swift in Sources */ = {isa = PBXBuildFile; fileRef = AE0C137021C07F1700D1D8E1 /* LocationViewController.swift */; };
		AE0C137521C0809C00D1D8E1 /* DetailViewController.swift in Sources */ = {isa = PBXBuildFile; fileRef = AE0C137421C0809C00D1D8E1 /* DetailViewController.swift */; };
		AE8AF1AD21C0E39200FC2C63 /* myDataTableViewCell.swift in Sources */ = {isa = PBXBuildFile; fileRef = AE8AF1AC21C0E39200FC2C63 /* myDataTableViewCell.swift */; };
		AE8AF1AF21C0E3B200FC2C63 /* GetData.swift in Sources */ = {isa = PBXBuildFile; fileRef = AE8AF1AE21C0E3B200FC2C63 /* GetData.swift */; };
		AE8AF1B221C0E84E00FC2C63 /* TableViewController.swift in Sources */ = {isa = PBXBuildFile; fileRef = AE8AF1B121C0E84E00FC2C63 /* TableViewController.swift */; };
		AE8AF1B521C1121700FC2C63 /* AVFoundation.framework in Frameworks */ = {isa = PBXBuildFile; fileRef = AE8AF1B421C1121700FC2C63 /* AVFoundation.framework */; };
		AE8AF1B721C128E400FC2C63 /* music1.png in Resources */ = {isa = PBXBuildFile; fileRef = AE8AF1B621C128E300FC2C63 /* music1.png */; };
		AE8AF1B921C12D7D00FC2C63 /* backgroundTable1.png in Resources */ = {isa = PBXBuildFile; fileRef = AE8AF1B821C12D7D00FC2C63 /* backgroundTable1.png */; };
		AE8AF1BB21C12FBC00FC2C63 /* musicBtn1.png in Resources */ = {isa = PBXBuildFile; fileRef = AE8AF1BA21C12FBC00FC2C63 /* musicBtn1.png */; };
		AE8AF1BD21C1368C00FC2C63 /* CityDetails.swift in Sources */ = {isa = PBXBuildFile; fileRef = AE8AF1BC21C1368C00FC2C63 /* CityDetails.swift */; };
		AE8AF1C321C1401100FC2C63 /* WeatherData.swift in Sources */ = {isa = PBXBuildFile; fileRef = AE8AF1BF21C1401100FC2C63 /* WeatherData.swift */; };
		AE8AF1C421C1401100FC2C63 /* Icon.swift in Sources */ = {isa = PBXBuildFile; fileRef = AE8AF1C021C1401100FC2C63 /* Icon.swift */; };
/* End PBXBuildFile section */

/* Begin PBXFileReference section */
		AE0C135121C05D9F00D1D8E1 /* IOSApp.app */ = {isa = PBXFileReference; explicitFileType = wrapper.application; includeInIndex = 0; path = IOSApp.app; sourceTree = BUILT_PRODUCTS_DIR; };
		AE0C135421C05D9F00D1D8E1 /* AppDelegate.swift */ = {isa = PBXFileReference; lastKnownFileType = sourcecode.swift; path = AppDelegate.swift; sourceTree = "<group>"; };
		AE0C135821C05D9F00D1D8E1 /* SecondViewController.swift */ = {isa = PBXFileReference; lastKnownFileType = sourcecode.swift; path = SecondViewController.swift; sourceTree = "<group>"; };
		AE0C135B21C05D9F00D1D8E1 /* Base */ = {isa = PBXFileReference; lastKnownFileType = file.storyboard; name = Base; path = Base.lproj/Main.storyboard; sourceTree = "<group>"; };
		AE0C135D21C05DA100D1D8E1 /* Assets.xcassets */ = {isa = PBXFileReference; lastKnownFileType = folder.assetcatalog; path = Assets.xcassets; sourceTree = "<group>"; };
		AE0C135F21C05DA100D1D8E1 /* Info.plist */ = {isa = PBXFileReference; lastKnownFileType = text.plist.xml; path = Info.plist; sourceTree = "<group>"; };
		AE0C136521C06FC900D1D8E1 /* rain.mp4 */ = {isa = PBXFileReference; lastKnownFileType = file; path = rain.mp4; sourceTree = "<group>"; };
		AE0C136621C06FC900D1D8E1 /* storm.mp4 */ = {isa = PBXFileReference; lastKnownFileType = file; path = storm.mp4; sourceTree = "<group>"; };
		AE0C136721C06FCA00D1D8E1 /* snow.mp4 */ = {isa = PBXFileReference; lastKnownFileType = file; path = snow.mp4; sourceTree = "<group>"; };
		AE0C136821C06FCA00D1D8E1 /* sun.mp4 */ = {isa = PBXFileReference; lastKnownFileType = file; path = sun.mp4; sourceTree = "<group>"; };
		AE0C136921C06FCA00D1D8E1 /* cloudy.mp4 */ = {isa = PBXFileReference; lastKnownFileType = file; path = cloudy.mp4; sourceTree = "<group>"; };
		AE0C137021C07F1700D1D8E1 /* LocationViewController.swift */ = {isa = PBXFileReference; lastKnownFileType = sourcecode.swift; path = LocationViewController.swift; sourceTree = "<group>"; };
		AE0C137421C0809C00D1D8E1 /* DetailViewController.swift */ = {isa = PBXFileReference; lastKnownFileType = sourcecode.swift; path = DetailViewController.swift; sourceTree = "<group>"; };
		AE8AF1AC21C0E39200FC2C63 /* myDataTableViewCell.swift */ = {isa = PBXFileReference; lastKnownFileType = sourcecode.swift; path = myDataTableViewCell.swift; sourceTree = "<group>"; };
		AE8AF1AE21C0E3B200FC2C63 /* GetData.swift */ = {isa = PBXFileReference; lastKnownFileType = sourcecode.swift; path = GetData.swift; sourceTree = "<group>"; };
		AE8AF1B121C0E84E00FC2C63 /* TableViewController.swift */ = {isa = PBXFileReference; lastKnownFileType = sourcecode.swift; path = TableViewController.swift; sourceTree = "<group>"; };
		AE8AF1B421C1121700FC2C63 /* AVFoundation.framework */ = {isa = PBXFileReference; lastKnownFileType = wrapper.framework; name = AVFoundation.framework; path = System/Library/Frameworks/AVFoundation.framework; sourceTree = SDKROOT; };
		AE8AF1B621C128E300FC2C63 /* music1.png */ = {isa = PBXFileReference; lastKnownFileType = image.png; path = music1.png; sourceTree = "<group>"; };
		AE8AF1B821C12D7D00FC2C63 /* backgroundTable1.png */ = {isa = PBXFileReference; lastKnownFileType = image.png; path = backgroundTable1.png; sourceTree = "<group>"; };
		AE8AF1BA21C12FBC00FC2C63 /* musicBtn1.png */ = {isa = PBXFileReference; lastKnownFileType = image.png; path = musicBtn1.png; sourceTree = "<group>"; };
		AE8AF1BC21C1368C00FC2C63 /* CityDetails.swift */ = {isa = PBXFileReference; lastKnownFileType = sourcecode.swift; path = CityDetails.swift; sourceTree = "<group>"; };
		AE8AF1BF21C1401100FC2C63 /* WeatherData.swift */ = {isa = PBXFileReference; fileEncoding = 4; lastKnownFileType = sourcecode.swift; path = WeatherData.swift; sourceTree = "<group>"; };
		AE8AF1C021C1401100FC2C63 /* Icon.swift */ = {isa = PBXFileReference; fileEncoding = 4; lastKnownFileType = sourcecode.swift; path = Icon.swift; sourceTree = "<group>"; };
/* End PBXFileReference section */

/* Begin PBXFrameworksBuildPhase section */
		AE0C134E21C05D9F00D1D8E1 /* Frameworks */ = {
			isa = PBXFrameworksBuildPhase;
			buildActionMask = 2147483647;
			files = (
				AE8AF1B521C1121700FC2C63 /* AVFoundation.framework in Frameworks */,
			);
			runOnlyForDeploymentPostprocessing = 0;
		};
/* End PBXFrameworksBuildPhase section */

/* Begin PBXGroup section */
		AE0C134821C05D9F00D1D8E1 = {
			isa = PBXGroup;
			children = (
				AE0C135321C05D9F00D1D8E1 /* IOSApp */,
				AE0C135221C05D9F00D1D8E1 /* Products */,
				AE8AF1B321C1121600FC2C63 /* Frameworks */,
			);
			sourceTree = "<group>";
		};
		AE0C135221C05D9F00D1D8E1 /* Products */ = {
			isa = PBXGroup;
			children = (
				AE0C135121C05D9F00D1D8E1 /* IOSApp.app */,
			);
			name = Products;
			sourceTree = "<group>";
		};
		AE0C135321C05D9F00D1D8E1 /* IOSApp */ = {
			isa = PBXGroup;
			children = (
				AE8AF1BE21C1401100FC2C63 /* Helper */,
				AE8AF1BA21C12FBC00FC2C63 /* musicBtn1.png */,
				AE8AF1B621C128E300FC2C63 /* music1.png */,
				AE8AF1B821C12D7D00FC2C63 /* backgroundTable1.png */,
				AE8AF1B021C0E7F700FC2C63 /* Controllers */,
				AE8AF1AB21C0E35B00FC2C63 /* Classes */,
				AE0C136F21C06FD800D1D8E1 /* videos */,
				AE0C135421C05D9F00D1D8E1 /* AppDelegate.swift */,
				AE0C135A21C05D9F00D1D8E1 /* Main.storyboard */,
				AE0C135D21C05DA100D1D8E1 /* Assets.xcassets */,
				AE0C135F21C05DA100D1D8E1 /* Info.plist */,
			);
			path = IOSApp;
			sourceTree = "<group>";
		};
		AE0C136F21C06FD800D1D8E1 /* videos */ = {
			isa = PBXGroup;
			children = (
				AE0C136921C06FCA00D1D8E1 /* cloudy.mp4 */,
				AE0C136521C06FC900D1D8E1 /* rain.mp4 */,
				AE0C136721C06FCA00D1D8E1 /* snow.mp4 */,
				AE0C136621C06FC900D1D8E1 /* storm.mp4 */,
				AE0C136821C06FCA00D1D8E1 /* sun.mp4 */,
			);
			path = videos;
			sourceTree = "<group>";
		};
		AE8AF1AB21C0E35B00FC2C63 /* Classes */ = {
			isa = PBXGroup;
			children = (
				AE8AF1AC21C0E39200FC2C63 /* myDataTableViewCell.swift */,
				AE8AF1AE21C0E3B200FC2C63 /* GetData.swift */,
				AE8AF1BC21C1368C00FC2C63 /* CityDetails.swift */,
			);
			path = Classes;
			sourceTree = "<group>";
		};
		AE8AF1B021C0E7F700FC2C63 /* Controllers */ = {
			isa = PBXGroup;
			children = (
				AE0C137021C07F1700D1D8E1 /* LocationViewController.swift */,
				AE0C137421C0809C00D1D8E1 /* DetailViewController.swift */,
				AE0C135821C05D9F00D1D8E1 /* SecondViewController.swift */,
				AE8AF1B121C0E84E00FC2C63 /* TableViewController.swift */,
			);
			path = Controllers;
			sourceTree = "<group>";
		};
		AE8AF1B321C1121600FC2C63 /* Frameworks */ = {
			isa = PBXGroup;
			children = (
				AE8AF1B421C1121700FC2C63 /* AVFoundation.framework */,
			);
			name = Frameworks;
			sourceTree = "<group>";
		};
		AE8AF1BE21C1401100FC2C63 /* Helper */ = {
			isa = PBXGroup;
			children = (
				AE8AF1BF21C1401100FC2C63 /* WeatherData.swift */,
				AE8AF1C021C1401100FC2C63 /* Icon.swift */,
			);
			path = Helper;
			sourceTree = "<group>";
		};
/* End PBXGroup section */

/* Begin PBXNativeTarget section */
		AE0C135021C05D9F00D1D8E1 /* IOSApp */ = {
			isa = PBXNativeTarget;
			buildConfigurationList = AE0C136221C05DA100D1D8E1 /* Build configuration list for PBXNativeTarget "IOSApp" */;
			buildPhases = (
				AE0C134D21C05D9F00D1D8E1 /* Sources */,
				AE0C134E21C05D9F00D1D8E1 /* Frameworks */,
				AE0C134F21C05D9F00D1D8E1 /* Resources */,
			);
			buildRules = (
			);
			dependencies = (
			);
			name = IOSApp;
			productName = IOSApp;
			productReference = AE0C135121C05D9F00D1D8E1 /* IOSApp.app */;
			productType = "com.apple.product-type.application";
		};
/* End PBXNativeTarget section */

/* Begin PBXProject section */
		AE0C134921C05D9F00D1D8E1 /* Project object */ = {
			isa = PBXProject;
			attributes = {
				LastSwiftUpdateCheck = 0940;
				LastUpgradeCheck = 0940;
				ORGANIZATIONNAME = Kish;
				TargetAttributes = {
					AE0C135021C05D9F00D1D8E1 = {
						CreatedOnToolsVersion = 9.4.1;
					};
				};
			};
			buildConfigurationList = AE0C134C21C05D9F00D1D8E1 /* Build configuration list for PBXProject "IOSApp" */;
			compatibilityVersion = "Xcode 9.3";
			developmentRegion = en;
			hasScannedForEncodings = 0;
			knownRegions = (
				en,
				Base,
			);
			mainGroup = AE0C134821C05D9F00D1D8E1;
			productRefGroup = AE0C135221C05D9F00D1D8E1 /* Products */;
			projectDirPath = "";
			projectRoot = "";
			targets = (
				AE0C135021C05D9F00D1D8E1 /* IOSApp */,
			);
		};
/* End PBXProject section */

/* Begin PBXResourcesBuildPhase section */
		AE0C134F21C05D9F00D1D8E1 /* Resources */ = {
			isa = PBXResourcesBuildPhase;
			buildActionMask = 2147483647;
			files = (
				AE8AF1B921C12D7D00FC2C63 /* backgroundTable1.png in Resources */,
				AE0C136D21C06FCA00D1D8E1 /* sun.mp4 in Resources */,
				AE0C135E21C05DA100D1D8E1 /* Assets.xcassets in Resources */,
				AE0C136E21C06FCA00D1D8E1 /* cloudy.mp4 in Resources */,
				AE8AF1BB21C12FBC00FC2C63 /* musicBtn1.png in Resources */,
				AE0C136B21C06FCA00D1D8E1 /* storm.mp4 in Resources */,
				AE0C136A21C06FCA00D1D8E1 /* rain.mp4 in Resources */,
				AE0C136C21C06FCA00D1D8E1 /* snow.mp4 in Resources */,
				AE0C135C21C05D9F00D1D8E1 /* Main.storyboard in Resources */,
				AE8AF1B721C128E400FC2C63 /* music1.png in Resources */,
			);
			runOnlyForDeploymentPostprocessing = 0;
		};
/* End PBXResourcesBuildPhase section */

/* Begin PBXSourcesBuildPhase section */
		AE0C134D21C05D9F00D1D8E1 /* Sources */ = {
			isa = PBXSourcesBuildPhase;
			buildActionMask = 2147483647;
			files = (
				AE0C137121C07F1700D1D8E1 /* LocationViewController.swift in Sources */,
				AE8AF1AD21C0E39200FC2C63 /* myDataTableViewCell.swift in Sources */,
				AE0C137521C0809C00D1D8E1 /* DetailViewController.swift in Sources */,
				AE8AF1B221C0E84E00FC2C63 /* TableViewController.swift in Sources */,
				AE8AF1BD21C1368C00FC2C63 /* CityDetails.swift in Sources */,
				AE0C135921C05D9F00D1D8E1 /* SecondViewController.swift in Sources */,
				AE8AF1AF21C0E3B200FC2C63 /* GetData.swift in Sources */,
				AE8AF1C321C1401100FC2C63 /* WeatherData.swift in Sources */,
				AE8AF1C421C1401100FC2C63 /* Icon.swift in Sources */,
				AE0C135521C05D9F00D1D8E1 /* AppDelegate.swift in Sources */,
			);
			runOnlyForDeploymentPostprocessing = 0;
		};
/* End PBXSourcesBuildPhase section */

/* Begin PBXVariantGroup section */
		AE0C135A21C05D9F00D1D8E1 /* Main.storyboard */ = {
			isa = PBXVariantGroup;
			children = (
				AE0C135B21C05D9F00D1D8E1 /* Base */,
			);
			name = Main.storyboard;
			sourceTree = "<group>";
		};
/* End PBXVariantGroup section */

/* Begin XCBuildConfiguration section */
		AE0C136021C05DA100D1D8E1 /* Debug */ = {
			isa = XCBuildConfiguration;
			buildSettings = {
				ALWAYS_SEARCH_USER_PATHS = NO;
				CLANG_ANALYZER_NONNULL = YES;
				CLANG_ANALYZER_NUMBER_OBJECT_CONVERSION = YES_AGGRESSIVE;
				CLANG_CXX_LANGUAGE_STANDARD = "gnu++14";
				CLANG_CXX_LIBRARY = "libc++";
				CLANG_ENABLE_MODULES = YES;
				CLANG_ENABLE_OBJC_ARC = YES;
				CLANG_ENABLE_OBJC_WEAK = YES;
				CLANG_WARN_BLOCK_CAPTURE_AUTORELEASING = YES;
				CLANG_WARN_BOOL_CONVERSION = YES;
				CLANG_WARN_COMMA = YES;
				CLANG_WARN_CONSTANT_CONVERSION = YES;
				CLANG_WARN_DEPRECATED_OBJC_IMPLEMENTATIONS = YES;
				CLANG_WARN_DIRECT_OBJC_ISA_USAGE = YES_ERROR;
				CLANG_WARN_DOCUMENTATION_COMMENTS = YES;
				CLANG_WARN_EMPTY_BODY = YES;
				CLANG_WARN_ENUM_CONVERSION = YES;
				CLANG_WARN_INFINITE_RECURSION = YES;
				CLANG_WARN_INT_CONVERSION = YES;
				CLANG_WARN_NON_LITERAL_NULL_CONVERSION = YES;
				CLANG_WARN_OBJC_IMPLICIT_RETAIN_SELF = YES;
				CLANG_WARN_OBJC_LITERAL_CONVERSION = YES;
				CLANG_WARN_OBJC_ROOT_CLASS = YES_ERROR;
				CLANG_WARN_RANGE_LOOP_ANALYSIS = YES;
				CLANG_WARN_STRICT_PROTOTYPES = YES;
				CLANG_WARN_SUSPICIOUS_MOVE = YES;
				CLANG_WARN_UNGUARDED_AVAILABILITY = YES_AGGRESSIVE;
				CLANG_WARN_UNREACHABLE_CODE = YES;
				CLANG_WARN__DUPLICATE_METHOD_MATCH = YES;
				COPY_PHASE_STRIP = NO;
				DEBUG_INFORMATION_FORMAT = dwarf;
				ENABLE_STRICT_OBJC_MSGSEND = YES;
				ENABLE_TESTABILITY = YES;
				GCC_C_LANGUAGE_STANDARD = gnu11;
				GCC_DYNAMIC_NO_PIC = NO;
				GCC_NO_COMMON_BLOCKS = YES;
				GCC_OPTIMIZATION_LEVEL = 0;
				GCC_PREPROCESSOR_DEFINITIONS = (
					"DEBUG=1",
					"$(inherited)",
				);
				GCC_WARN_64_TO_32_BIT_CONVERSION = YES;
				GCC_WARN_ABOUT_RETURN_TYPE = YES_ERROR;
				GCC_WARN_UNDECLARED_SELECTOR = YES;
				GCC_WARN_UNINITIALIZED_AUTOS = YES_AGGRESSIVE;
				GCC_WARN_UNUSED_FUNCTION = YES;
				GCC_WARN_UNUSED_VARIABLE = YES;
				MTL_ENABLE_DEBUG_INFO = YES;
				ONLY_ACTIVE_ARCH = YES;
				SDKROOT = appletvos;
				SWIFT_ACTIVE_COMPILATION_CONDITIONS = DEBUG;
				SWIFT_OPTIMIZATION_LEVEL = "-Onone";
				TVOS_DEPLOYMENT_TARGET = 11.4;
			};
			name = Debug;
		};
		AE0C136121C05DA100D1D8E1 /* Release */ = {
			isa = XCBuildConfiguration;
			buildSettings = {
				ALWAYS_SEARCH_USER_PATHS = NO;
				CLANG_ANALYZER_NONNULL = YES;
				CLANG_ANALYZER_NUMBER_OBJECT_CONVERSION = YES_AGGRESSIVE;
				CLANG_CXX_LANGUAGE_STANDARD = "gnu++14";
				CLANG_CXX_LIBRARY = "libc++";
				CLANG_ENABLE_MODULES = YES;
				CLANG_ENABLE_OBJC_ARC = YES;
				CLANG_ENABLE_OBJC_WEAK = YES;
				CLANG_WARN_BLOCK_CAPTURE_AUTORELEASING = YES;
				CLANG_WARN_BOOL_CONVERSION = YES;
				CLANG_WARN_COMMA = YES;
				CLANG_WARN_CONSTANT_CONVERSION = YES;
				CLANG_WARN_DEPRECATED_OBJC_IMPLEMENTATIONS = YES;
				CLANG_WARN_DIRECT_OBJC_ISA_USAGE = YES_ERROR;
				CLANG_WARN_DOCUMENTATION_COMMENTS = YES;
				CLANG_WARN_EMPTY_BODY = YES;
				CLANG_WARN_ENUM_CONVERSION = YES;
				CLANG_WARN_INFINITE_RECURSION = YES;
				CLANG_WARN_INT_CONVERSION = YES;
				CLANG_WARN_NON_LITERAL_NULL_CONVERSION = YES;
				CLANG_WARN_OBJC_IMPLICIT_RETAIN_SELF = YES;
				CLANG_WARN_OBJC_LITERAL_CONVERSION = YES;
				CLANG_WARN_OBJC_ROOT_CLASS = YES_ERROR;
				CLANG_WARN_RANGE_LOOP_ANALYSIS = YES;
				CLANG_WARN_STRICT_PROTOTYPES = YES;
				CLANG_WARN_SUSPICIOUS_MOVE = YES;
				CLANG_WARN_UNGUARDED_AVAILABILITY = YES_AGGRESSIVE;
				CLANG_WARN_UNREACHABLE_CODE = YES;
				CLANG_WARN__DUPLICATE_METHOD_MATCH = YES;
				COPY_PHASE_STRIP = NO;
				DEBUG_INFORMATION_FORMAT = "dwarf-with-dsym";
				ENABLE_NS_ASSERTIONS = NO;
				ENABLE_STRICT_OBJC_MSGSEND = YES;
				GCC_C_LANGUAGE_STANDARD = gnu11;
				GCC_NO_COMMON_BLOCKS = YES;
				GCC_WARN_64_TO_32_BIT_CONVERSION = YES;
				GCC_WARN_ABOUT_RETURN_TYPE = YES_ERROR;
				GCC_WARN_UNDECLARED_SELECTOR = YES;
				GCC_WARN_UNINITIALIZED_AUTOS = YES_AGGRESSIVE;
				GCC_WARN_UNUSED_FUNCTION = YES;
				GCC_WARN_UNUSED_VARIABLE = YES;
				MTL_ENABLE_DEBUG_INFO = NO;
				SDKROOT = appletvos;
				SWIFT_COMPILATION_MODE = wholemodule;
				SWIFT_OPTIMIZATION_LEVEL = "-O";
				TVOS_DEPLOYMENT_TARGET = 11.4;
				VALIDATE_PRODUCT = YES;
			};
			name = Release;
		};
		AE0C136321C05DA100D1D8E1 /* Debug */ = {
			isa = XCBuildConfiguration;
			buildSettings = {
				ASSETCATALOG_COMPILER_APPICON_NAME = "App Icon & Top Shelf Image";
				ASSETCATALOG_COMPILER_LAUNCHIMAGE_NAME = LaunchImage;
				CODE_SIGN_STYLE = Automatic;
				INFOPLIST_FILE = IOSApp/Info.plist;
				LD_RUNPATH_SEARCH_PATHS = (
					"$(inherited)",
					"@executable_path/Frameworks",
				);
				PRODUCT_BUNDLE_IDENTIFIER = com.prog.IOSApp;
				PRODUCT_NAME = "$(TARGET_NAME)";
				SWIFT_VERSION = 4.0;
				TARGETED_DEVICE_FAMILY = 3;
			};
			name = Debug;
		};
		AE0C136421C05DA100D1D8E1 /* Release */ = {
			isa = XCBuildConfiguration;
			buildSettings = {
				ASSETCATALOG_COMPILER_APPICON_NAME = "App Icon & Top Shelf Image";
				ASSETCATALOG_COMPILER_LAUNCHIMAGE_NAME = LaunchImage;
				CODE_SIGN_STYLE = Automatic;
				INFOPLIST_FILE = IOSApp/Info.plist;
				LD_RUNPATH_SEARCH_PATHS = (
					"$(inherited)",
					"@executable_path/Frameworks",
				);
				PRODUCT_BUNDLE_IDENTIFIER = com.prog.IOSApp;
				PRODUCT_NAME = "$(TARGET_NAME)";
				SWIFT_VERSION = 4.0;
				TARGETED_DEVICE_FAMILY = 3;
			};
			name = Release;
		};
/* End XCBuildConfiguration section */

/* Begin XCConfigurationList section */
		AE0C134C21C05D9F00D1D8E1 /* Build configuration list for PBXProject "IOSApp" */ = {
			isa = XCConfigurationList;
			buildConfigurations = (
				AE0C136021C05DA100D1D8E1 /* Debug */,
				AE0C136121C05DA100D1D8E1 /* Release */,
			);
			defaultConfigurationIsVisible = 0;
			defaultConfigurationName = Release;
		};
		AE0C136221C05DA100D1D8E1 /* Build configuration list for PBXNativeTarget "IOSApp" */ = {
			isa = XCConfigurationList;
			buildConfigurations = (
				AE0C136321C05DA100D1D8E1 /* Debug */,
				AE0C136421C05DA100D1D8E1 /* Release */,
			);
			defaultConfigurationIsVisible = 0;
			defaultConfigurationName = Release;
		};
/* End XCConfigurationList section */
	};
	rootObject = AE0C134921C05D9F00D1D8E1 /* Project object */;
}
